
Microsoft Visual Studio Solution File, Format Version 12.00
# Visual Studio Version 16
VisualStudioVersion = 16.0.29326.143
MinimumVisualStudioVersion = 10.0.40219.1
Project("{FAE04EC0-301F-11D3-BF4B-00C04F79EFBC}") = "EntityFrameworkExercise", "EntityFrameworkExercise\EntityFrameworkExercise.csproj", "{ADD4E85A-C1BC-46B8-BF2C-A43C808E7ACF}"
EndProject
Global
	GlobalSection(SolutionConfigurationPlatforms) = preSolution
		Debug|Any CPU = Debug|Any CPU
		Release|Any CPU = Release|Any CPU
	EndGlobalSection
	GlobalSection(ProjectConfigurationPlatforms) = postSolution
		{ADD4E85A-C1BC-46B8-BF2C-A43C808E7ACF}.Debug|Any CPU.ActiveCfg = Debug|Any CPU
		{ADD4E85A-C1BC-46B8-BF2C-A43C808E7ACF}.Debug|Any CPU.Build.0 = Debug|Any CPU
		{ADD4E85A-C1BC-46B8-BF2C-A43C808E7ACF}.Release|Any CPU.ActiveCfg = Release|Any CPU
		{ADD4E85A-C1BC-46B8-BF2C-A43C808E7ACF}.Release|Any CPU.Build.0 = Release|Any CPU
	EndGlobalSection
	GlobalSection(SolutionProperties) = preSolution
		HideSolutionNode = FALSE
	EndGlobalSection
	GlobalSection(ExtensibilityGlobals) = postSolution
		SolutionGuid = {D28900EE-AF4D-416D-A690-04C52909AC8E}
	EndGlobalSection
EndGlobal
